
Microsoft Visual Studio Solution File, Format Version 12.00
Project("{FAE04EC0-301F-11D3-BF4B-00C04F79EFBC}") = "SecurityPassword", "src\SecurityPassword\SecurityPassword.csproj", "{6702D758-E12D-4D48-815F-FEFF9F872764}"
EndProject
Project("{2150E333-8FDC-42A3-9474-1A3956D46DE8}") = "src", "src", "{F8D01CCB-328A-4D96-8375-76CF42E0EAB3}"
EndProject
Project("{2150E333-8FDC-42A3-9474-1A3956D46DE8}") = "tests", "tests", "{53D26889-4DB3-494F-8B7C-9C78C30ED436}"
EndProject
Project("{FAE04EC0-301F-11D3-BF4B-00C04F79EFBC}") = "UnitTest.SecurityPassword", "tests\UnitTest.SecurityPassword\UnitTest.SecurityPassword.csproj", "{608C74A5-D7FA-47B5-AB79-E7B1BC7E4EE0}"
EndProject
Project("{2150E333-8FDC-42A3-9474-1A3956D46DE8}") = "docs", "docs", "{510E08AD-8207-4737-94CF-3AC824459709}"
EndProject
Project("{FAE04EC0-301F-11D3-BF4B-00C04F79EFBC}") = "SecurityPassword.DependencyInjection", "src\SecurityPassword.DependencyInjection\SecurityPassword.DependencyInjection.csproj", "{4679B336-F977-41C1-A51C-80539182FFE5}"
EndProject
Global
	GlobalSection(SolutionConfigurationPlatforms) = preSolution
		Debug|Any CPU = Debug|Any CPU
		Release|Any CPU = Release|Any CPU
	EndGlobalSection
	GlobalSection(ProjectConfigurationPlatforms) = postSolution
		{6702D758-E12D-4D48-815F-FEFF9F872764}.Debug|Any CPU.ActiveCfg = Debug|Any CPU
		{6702D758-E12D-4D48-815F-FEFF9F872764}.Debug|Any CPU.Build.0 = Debug|Any CPU
		{6702D758-E12D-4D48-815F-FEFF9F872764}.Release|Any CPU.ActiveCfg = Release|Any CPU
		{6702D758-E12D-4D48-815F-FEFF9F872764}.Release|Any CPU.Build.0 = Release|Any CPU
		{608C74A5-D7FA-47B5-AB79-E7B1BC7E4EE0}.Debug|Any CPU.ActiveCfg = Debug|Any CPU
		{608C74A5-D7FA-47B5-AB79-E7B1BC7E4EE0}.Debug|Any CPU.Build.0 = Debug|Any CPU
		{608C74A5-D7FA-47B5-AB79-E7B1BC7E4EE0}.Release|Any CPU.ActiveCfg = Release|Any CPU
		{608C74A5-D7FA-47B5-AB79-E7B1BC7E4EE0}.Release|Any CPU.Build.0 = Release|Any CPU
		{4679B336-F977-41C1-A51C-80539182FFE5}.Debug|Any CPU.ActiveCfg = Debug|Any CPU
		{4679B336-F977-41C1-A51C-80539182FFE5}.Debug|Any CPU.Build.0 = Debug|Any CPU
		{4679B336-F977-41C1-A51C-80539182FFE5}.Release|Any CPU.ActiveCfg = Release|Any CPU
		{4679B336-F977-41C1-A51C-80539182FFE5}.Release|Any CPU.Build.0 = Release|Any CPU
	EndGlobalSection
	GlobalSection(NestedProjects) = preSolution
		{6702D758-E12D-4D48-815F-FEFF9F872764} = {F8D01CCB-328A-4D96-8375-76CF42E0EAB3}
		{608C74A5-D7FA-47B5-AB79-E7B1BC7E4EE0} = {53D26889-4DB3-494F-8B7C-9C78C30ED436}
		{4679B336-F977-41C1-A51C-80539182FFE5} = {F8D01CCB-328A-4D96-8375-76CF42E0EAB3}
	EndGlobalSection
EndGlobal
